{
  "name": "game-of-thrones-wiki",
  "version": "1.0.0",
  "lockfileVersion": 1,
  "requires": true,
  "dependencies": {
    "@thundra/core": {
      "version": "1.5.4",
      "resolved": "https://registry.npmjs.org/@thundra/core/-/core-1.5.4.tgz",
      "integrity": "sha512-7Ea+qHofVKUxQSn3BZ1D2114hpmX05HH9DvdrnsxLhcuK0QHTRNXoH3juHzTQ0A+Yz/eE47GxKgNots1iinFRQ==",
      "requires": {
        "@thundra/warmup": "^1.0.0",
        "uuid": "^3.2.1"
      }
    },
    "@thundra/log": {
      "version": "1.0.2",
      "resolved": "https://registry.npmjs.org/@thundra/log/-/log-1.0.2.tgz",
      "integrity": "sha512-/tEIAbiJ5lnHy5vWOw61TIrygZhRxkN/qXX6NaUK1hE+dENqZa2aLK+dMT3QWKYqMYONpByWf1MG+0bpSxtspQ==",
      "requires": {
        "uuid": "^3.2.1"
      }
    },
    "@thundra/warmup": {
      "version": "1.1.1",
      "resolved": "https://registry.npmjs.org/@thundra/warmup/-/warmup-1.1.1.tgz",
      "integrity": "sha512-XdAt+gbqJXyEu/xfaVBfOcbu+ddkPlfaX4GsW6op68ThpEXrPN98LoOlsem603MosBbK8oxcohIRC62ABK6g6g=="
    },
    "ask-sdk-core": {
      "version": "2.0.7",
      "resolved": "https://registry.npmjs.org/ask-sdk-core/-/ask-sdk-core-2.0.7.tgz",
      "integrity": "sha512-L0YoF7ls0iUoo/WYDYj7uDjAFThYZSDjzF8YvLHIEZyzKVgrNNqxetRorUB+odDoctPWW7RV1xcep8F4p7c1jg=="
    },
    "ask-sdk-model": {
      "version": "1.3.1",
      "resolved": "https://registry.npmjs.org/ask-sdk-model/-/ask-sdk-model-1.3.1.tgz",
      "integrity": "sha512-ZDcmJ8sDRAzfIPz5WhRpy8HJ8SheBOyjoeHtYIcoVO6ZQEgxXtZ11GJGg8FhRDfwwIWj5Ma8G6m7OCgo4nuJDA=="
    },
    "axios": {
      "version": "0.18.0",
      "resolved": "https://registry.npmjs.org/axios/-/axios-0.18.0.tgz",
      "integrity": "sha1-MtU+SFHv3AoRmTts0AB4nXDAUQI=",
      "requires": {
        "follow-redirects": "^1.3.0",
        "is-buffer": "^1.1.5"
      }
    },
    "babel-runtime": {
      "version": "6.26.0",
      "resolved": "https://registry.npmjs.org/babel-runtime/-/babel-runtime-6.26.0.tgz",
      "integrity": "sha1-llxwWGaOgrVde/4E/yM3vItWR/4=",
      "requires": {
        "core-js": "^2.4.0",
        "regenerator-runtime": "^0.11.0"
      }
    },
    "clj-fuzzy": {
      "version": "0.3.3",
      "resolved": "https://registry.npmjs.org/clj-fuzzy/-/clj-fuzzy-0.3.3.tgz",
      "integrity": "sha1-seU0MJHFIC28UlMoY+HEp4RX8D0="
    },
    "core-js": {
      "version": "2.5.7",
      "resolved": "https://registry.npmjs.org/core-js/-/core-js-2.5.7.tgz",
      "integrity": "sha512-RszJCAxg/PP6uzXVXL6BsxSXx/B05oJAQ2vkJRjyjrEcNVycaqOmNb5OTxZPE3xa5gwZduqza6L9JOCenh/Ecw=="
    },
    "debug": {
      "version": "3.1.0",
      "resolved": "https://registry.npmjs.org/debug/-/debug-3.1.0.tgz",
      "integrity": "sha512-OX8XqP7/1a9cqkxYw2yXss15f26NKWBpDXQd0/uK/KPqdQhxbPa994hnzjcE2VqQpDslf55723cKPUOGSmMY3g==",
      "requires": {
        "ms": "2.0.0"
      }
    },
    "follow-redirects": {
      "version": "1.5.1",
      "resolved": "https://registry.npmjs.org/follow-redirects/-/follow-redirects-1.5.1.tgz",
      "integrity": "sha512-v9GI1hpaqq1ZZR6pBD1+kI7O24PhDvNGNodjS3MdcEqyrahCp8zbtpv+2B/krUnSmUH80lbAS7MrdeK5IylgKg==",
      "requires": {
        "debug": "^3.1.0"
      }
    },
    "is-buffer": {
      "version": "1.1.6",
      "resolved": "https://registry.npmjs.org/is-buffer/-/is-buffer-1.1.6.tgz",
      "integrity": "sha512-NcdALwpXkTm5Zvvbk7owOUSvVvBKDgKP5/ewfXEznmQFfs4ZRmanOeKBTjRVjka3QFoN6XJ+9F3USqfHqTaU5w=="
    },
    "its-set": {
      "version": "1.2.3",
      "resolved": "https://registry.npmjs.org/its-set/-/its-set-1.2.3.tgz",
      "integrity": "sha512-UQc+xLLn+0a8KKRXRj3OS2kERK8G7zcayPpPULqZnPwuJ1hGWEO8+j0T5eycu7DKXYjezw3pyF8oV1fJkJxV5w==",
      "requires": {
        "babel-runtime": "6.x.x",
        "lodash.get": "^4.4.2"
      }
    },
    "json-beautify": {
      "version": "1.0.1",
      "resolved": "https://registry.npmjs.org/json-beautify/-/json-beautify-1.0.1.tgz",
      "integrity": "sha1-WYtQ1Mjqm4/KWru0C34svTrUwvw="
    },
    "lodash.get": {
      "version": "4.4.2",
      "resolved": "https://registry.npmjs.org/lodash.get/-/lodash.get-4.4.2.tgz",
      "integrity": "sha1-LRd/ZS+jHpObRDjVNBSZ36OCXpk="
    },
    "ms": {
      "version": "2.0.0",
      "resolved": "https://registry.npmjs.org/ms/-/ms-2.0.0.tgz",
      "integrity": "sha1-VgiurfwAvmwpAd9fmGF4jeDVl8g="
    },
    "regenerator-runtime": {
      "version": "0.11.1",
      "resolved": "https://registry.npmjs.org/regenerator-runtime/-/regenerator-runtime-0.11.1.tgz",
      "integrity": "sha512-MguG95oij0fC3QV3URf4V2SDYGJhJnJGqvIIgdECeODCT98wSWDAJ94SSuVpYQUoTcGUIL6L4yNB7j1DFFHSBg=="
    },
    "uuid": {
      "version": "3.3.2",
      "resolved": "https://registry.npmjs.org/uuid/-/uuid-3.3.2.tgz",
      "integrity": "sha512-yXJmeNaw3DnnKAOKJE51sL/ZaYfWJRl1pK9dr19YFCu0ObS231AB1/LbqTKRAQ5kw8A90rA6fr4riOUpTZvQZA=="
    },
    "words-to-numbers": {
      "version": "1.5.1",
      "resolved": "https://registry.npmjs.org/words-to-numbers/-/words-to-numbers-1.5.1.tgz",
      "integrity": "sha512-uvz7zSCKmmA7o5f5zp4Z5l24RQhy6HSNu10URhNxQWv1I82RsFaZX3qD07RLFUMJsCV38oAuaca13AvhO+9yGw==",
      "requires": {
        "babel-runtime": "6.x.x",
        "clj-fuzzy": "^0.3.2",
        "its-set": "^1.1.5"
      }
    }
  }
}
